
Microsoft Visual Studio Solution File, Format Version 12.00
# Visual Studio 15
VisualStudioVersion = 15.0.26124.0
MinimumVisualStudioVersion = 15.0.26124.0
Project("{FAE04EC0-301F-11D3-BF4B-00C04F79EFBC}") = "Namrly", "Namrly\Namrly.csproj", "{B2C9DEB7-3A30-4E12-BEDC-4AF906FFDD30}"
EndProject
Project("{FAE04EC0-301F-11D3-BF4B-00C04F79EFBC}") = "Namrly.Services", "Namrly.Services\Namrly.Services.csproj", "{710A5F81-0A5A-4E17-B761-8317C7937050}"
EndProject
Project("{FAE04EC0-301F-11D3-BF4B-00C04F79EFBC}") = "Namrly.Controllers", "Namrly.Controllers\Namrly.Controllers.csproj", "{143E5EEF-64B5-41FD-9786-DF1BCEE347EE}"
EndProject
Project("{FAE04EC0-301F-11D3-BF4B-00C04F79EFBC}") = "Namrly.Services.Tests", "Namrly.Services.Tests\Namrly.Services.Tests.csproj", "{5AEC2A50-7FB0-41F7-9A32-BEB73305AAD1}"
EndProject
Global
	GlobalSection(SolutionConfigurationPlatforms) = preSolution
		Debug|Any CPU = Debug|Any CPU
		Debug|x64 = Debug|x64
		Debug|x86 = Debug|x86
		Release|Any CPU = Release|Any CPU
		Release|x64 = Release|x64
		Release|x86 = Release|x86
	EndGlobalSection
	GlobalSection(SolutionProperties) = preSolution
		HideSolutionNode = FALSE
	EndGlobalSection
	GlobalSection(ProjectConfigurationPlatforms) = postSolution
		{B2C9DEB7-3A30-4E12-BEDC-4AF906FFDD30}.Debug|Any CPU.ActiveCfg = Debug|Any CPU
		{B2C9DEB7-3A30-4E12-BEDC-4AF906FFDD30}.Debug|Any CPU.Build.0 = Debug|Any CPU
		{B2C9DEB7-3A30-4E12-BEDC-4AF906FFDD30}.Debug|x64.ActiveCfg = Debug|Any CPU
		{B2C9DEB7-3A30-4E12-BEDC-4AF906FFDD30}.Debug|x64.Build.0 = Debug|Any CPU
		{B2C9DEB7-3A30-4E12-BEDC-4AF906FFDD30}.Debug|x86.ActiveCfg = Debug|Any CPU
		{B2C9DEB7-3A30-4E12-BEDC-4AF906FFDD30}.Debug|x86.Build.0 = Debug|Any CPU
		{B2C9DEB7-3A30-4E12-BEDC-4AF906FFDD30}.Release|Any CPU.ActiveCfg = Release|Any CPU
		{B2C9DEB7-3A30-4E12-BEDC-4AF906FFDD30}.Release|Any CPU.Build.0 = Release|Any CPU
		{B2C9DEB7-3A30-4E12-BEDC-4AF906FFDD30}.Release|x64.ActiveCfg = Release|Any CPU
		{B2C9DEB7-3A30-4E12-BEDC-4AF906FFDD30}.Release|x64.Build.0 = Release|Any CPU
		{B2C9DEB7-3A30-4E12-BEDC-4AF906FFDD30}.Release|x86.ActiveCfg = Release|Any CPU
		{B2C9DEB7-3A30-4E12-BEDC-4AF906FFDD30}.Release|x86.Build.0 = Release|Any CPU
		{710A5F81-0A5A-4E17-B761-8317C7937050}.Debug|Any CPU.ActiveCfg = Debug|Any CPU
		{710A5F81-0A5A-4E17-B761-8317C7937050}.Debug|Any CPU.Build.0 = Debug|Any CPU
		{710A5F81-0A5A-4E17-B761-8317C7937050}.Debug|x64.ActiveCfg = Debug|Any CPU
		{710A5F81-0A5A-4E17-B761-8317C7937050}.Debug|x64.Build.0 = Debug|Any CPU
		{710A5F81-0A5A-4E17-B761-8317C7937050}.Debug|x86.ActiveCfg = Debug|Any CPU
		{710A5F81-0A5A-4E17-B761-8317C7937050}.Debug|x86.Build.0 = Debug|Any CPU
		{710A5F81-0A5A-4E17-B761-8317C7937050}.Release|Any CPU.ActiveCfg = Release|Any CPU
		{710A5F81-0A5A-4E17-B761-8317C7937050}.Release|Any CPU.Build.0 = Release|Any CPU
		{710A5F81-0A5A-4E17-B761-8317C7937050}.Release|x64.ActiveCfg = Release|Any CPU
		{710A5F81-0A5A-4E17-B761-8317C7937050}.Release|x64.Build.0 = Release|Any CPU
		{710A5F81-0A5A-4E17-B761-8317C7937050}.Release|x86.ActiveCfg = Release|Any CPU
		{710A5F81-0A5A-4E17-B761-8317C7937050}.Release|x86.Build.0 = Release|Any CPU
		{143E5EEF-64B5-41FD-9786-DF1BCEE347EE}.Debug|Any CPU.ActiveCfg = Debug|Any CPU
		{143E5EEF-64B5-41FD-9786-DF1BCEE347EE}.Debug|Any CPU.Build.0 = Debug|Any CPU
		{143E5EEF-64B5-41FD-9786-DF1BCEE347EE}.Debug|x64.ActiveCfg = Debug|Any CPU
		{143E5EEF-64B5-41FD-9786-DF1BCEE347EE}.Debug|x64.Build.0 = Debug|Any CPU
		{143E5EEF-64B5-41FD-9786-DF1BCEE347EE}.Debug|x86.ActiveCfg = Debug|Any CPU
		{143E5EEF-64B5-41FD-9786-DF1BCEE347EE}.Debug|x86.Build.0 = Debug|Any CPU
		{143E5EEF-64B5-41FD-9786-DF1BCEE347EE}.Release|Any CPU.ActiveCfg = Release|Any CPU
		{143E5EEF-64B5-41FD-9786-DF1BCEE347EE}.Release|Any CPU.Build.0 = Release|Any CPU
		{143E5EEF-64B5-41FD-9786-DF1BCEE347EE}.Release|x64.ActiveCfg = Release|Any CPU
		{143E5EEF-64B5-41FD-9786-DF1BCEE347EE}.Release|x64.Build.0 = Release|Any CPU
		{143E5EEF-64B5-41FD-9786-DF1BCEE347EE}.Release|x86.ActiveCfg = Release|Any CPU
		{143E5EEF-64B5-41FD-9786-DF1BCEE347EE}.Release|x86.Build.0 = Release|Any CPU
		{5AEC2A50-7FB0-41F7-9A32-BEB73305AAD1}.Debug|Any CPU.ActiveCfg = Debug|Any CPU
		{5AEC2A50-7FB0-41F7-9A32-BEB73305AAD1}.Debug|Any CPU.Build.0 = Debug|Any CPU
		{5AEC2A50-7FB0-41F7-9A32-BEB73305AAD1}.Debug|x64.ActiveCfg = Debug|Any CPU
		{5AEC2A50-7FB0-41F7-9A32-BEB73305AAD1}.Debug|x64.Build.0 = Debug|Any CPU
		{5AEC2A50-7FB0-41F7-9A32-BEB73305AAD1}.Debug|x86.ActiveCfg = Debug|Any CPU
		{5AEC2A50-7FB0-41F7-9A32-BEB73305AAD1}.Debug|x86.Build.0 = Debug|Any CPU
		{5AEC2A50-7FB0-41F7-9A32-BEB73305AAD1}.Release|Any CPU.ActiveCfg = Release|Any CPU
		{5AEC2A50-7FB0-41F7-9A32-BEB73305AAD1}.Release|Any CPU.Build.0 = Release|Any CPU
		{5AEC2A50-7FB0-41F7-9A32-BEB73305AAD1}.Release|x64.ActiveCfg = Release|Any CPU
		{5AEC2A50-7FB0-41F7-9A32-BEB73305AAD1}.Release|x64.Build.0 = Release|Any CPU
		{5AEC2A50-7FB0-41F7-9A32-BEB73305AAD1}.Release|x86.ActiveCfg = Release|Any CPU
		{5AEC2A50-7FB0-41F7-9A32-BEB73305AAD1}.Release|x86.Build.0 = Release|Any CPU
	EndGlobalSection
EndGlobal
